
Microsoft Visual Studio Solution File, Format Version 12.00
# Visual Studio 15
VisualStudioVersion = 15.0.27019.1
MinimumVisualStudioVersion = 10.0.40219.1
Project("{9A19103F-16F7-4668-BE54-9A1E7A4F7556}") = "MuonLab.Web.Xhtml", "MuonLab.Web.Xhtml\MuonLab.Web.Xhtml.csproj", "{EF579A60-516E-4779-A124-6E607E702A12}"
EndProject
Project("{9A19103F-16F7-4668-BE54-9A1E7A4F7556}") = "MuonLab.Web.Xhtml.Tests", "MuonLab.Web.Xhtml.Tests\MuonLab.Web.Xhtml.Tests.csproj", "{E0D25FBD-F97A-470F-9ACE-78F00C479125}"
EndProject
Project("{FAE04EC0-301F-11D3-BF4B-00C04F79EFBC}") = "MuonLab.Web.Xhtml.Example.Net46", "MuonLab.Web.Xhtml.Example.Net46\MuonLab.Web.Xhtml.Example.Net46.csproj", "{4C8161C9-D883-4104-9FED-04139F211305}"
EndProject
Project("{FAE04EC0-301F-11D3-BF4B-00C04F79EFBC}") = "MuonLab.Web.Xhtml.Example.Net47", "MuonLab.Web.Xhtml.Example.Net47\MuonLab.Web.Xhtml.Example.Net47.csproj", "{EB49ACEF-D98A-4D05-8E77-2A21D350A6C5}"
EndProject
Global
	GlobalSection(SolutionConfigurationPlatforms) = preSolution
		Debug|Any CPU = Debug|Any CPU
		Release|Any CPU = Release|Any CPU
	EndGlobalSection
	GlobalSection(ProjectConfigurationPlatforms) = postSolution
		{EF579A60-516E-4779-A124-6E607E702A12}.Debug|Any CPU.ActiveCfg = Debug|Any CPU
		{EF579A60-516E-4779-A124-6E607E702A12}.Debug|Any CPU.Build.0 = Debug|Any CPU
		{EF579A60-516E-4779-A124-6E607E702A12}.Release|Any CPU.ActiveCfg = Release|Any CPU
		{EF579A60-516E-4779-A124-6E607E702A12}.Release|Any CPU.Build.0 = Release|Any CPU
		{E0D25FBD-F97A-470F-9ACE-78F00C479125}.Debug|Any CPU.ActiveCfg = Debug|Any CPU
		{E0D25FBD-F97A-470F-9ACE-78F00C479125}.Debug|Any CPU.Build.0 = Debug|Any CPU
		{E0D25FBD-F97A-470F-9ACE-78F00C479125}.Release|Any CPU.ActiveCfg = Release|Any CPU
		{E0D25FBD-F97A-470F-9ACE-78F00C479125}.Release|Any CPU.Build.0 = Release|Any CPU
		{4C8161C9-D883-4104-9FED-04139F211305}.Debug|Any CPU.ActiveCfg = Debug|Any CPU
		{4C8161C9-D883-4104-9FED-04139F211305}.Debug|Any CPU.Build.0 = Debug|Any CPU
		{4C8161C9-D883-4104-9FED-04139F211305}.Release|Any CPU.ActiveCfg = Release|Any CPU
		{4C8161C9-D883-4104-9FED-04139F211305}.Release|Any CPU.Build.0 = Release|Any CPU
		{EB49ACEF-D98A-4D05-8E77-2A21D350A6C5}.Debug|Any CPU.ActiveCfg = Debug|Any CPU
		{EB49ACEF-D98A-4D05-8E77-2A21D350A6C5}.Debug|Any CPU.Build.0 = Debug|Any CPU
		{EB49ACEF-D98A-4D05-8E77-2A21D350A6C5}.Release|Any CPU.ActiveCfg = Release|Any CPU
		{EB49ACEF-D98A-4D05-8E77-2A21D350A6C5}.Release|Any CPU.Build.0 = Release|Any CPU
	EndGlobalSection
	GlobalSection(SolutionProperties) = preSolution
		HideSolutionNode = FALSE
	EndGlobalSection
	GlobalSection(ExtensibilityGlobals) = postSolution
		SolutionGuid = {5797A99B-2FF7-4AEF-9A0A-705D432FE2D9}
	EndGlobalSection
EndGlobal
